// !$*UTF8*$!
{
	archiveVersion = 1;
	classes = {
	};
	objectVersion = 56;
	objects = {

/* Begin PBXBuildFile section */
		2345904A2A27C5CE00F0A7D7 /* AppDelegate.swift in Sources */ = {isa = PBXBuildFile; fileRef = 234590492A27C5CE00F0A7D7 /* AppDelegate.swift */; };
		2345904C2A27C5CE00F0A7D7 /* SceneDelegate.swift in Sources */ = {isa = PBXBuildFile; fileRef = 2345904B2A27C5CE00F0A7D7 /* SceneDelegate.swift */; };
		2345904E2A27C5CE00F0A7D7 /* ViewController.swift in Sources */ = {isa = PBXBuildFile; fileRef = 2345904D2A27C5CE00F0A7D7 /* ViewController.swift */; };
		234590512A27C5CE00F0A7D7 /* Main.storyboard in Resources */ = {isa = PBXBuildFile; fileRef = 2345904F2A27C5CE00F0A7D7 /* Main.storyboard */; };
		234590562A27C5D000F0A7D7 /* LaunchScreen.storyboard in Resources */ = {isa = PBXBuildFile; fileRef = 234590542A27C5D000F0A7D7 /* LaunchScreen.storyboard */; };
		234590612A27C5D100F0A7D7 /* SwiftDelegateProtocolTests.swift in Sources */ = {isa = PBXBuildFile; fileRef = 234590602A27C5D100F0A7D7 /* SwiftDelegateProtocolTests.swift */; };
		2345906B2A27C5D100F0A7D7 /* SwiftDelegateProtocolUITests.swift in Sources */ = {isa = PBXBuildFile; fileRef = 2345906A2A27C5D100F0A7D7 /* SwiftDelegateProtocolUITests.swift */; };
		2345906D2A27C5D100F0A7D7 /* SwiftDelegateProtocolUITestsLaunchTests.swift in Sources */ = {isa = PBXBuildFile; fileRef = 2345906C2A27C5D100F0A7D7 /* SwiftDelegateProtocolUITestsLaunchTests.swift */; };
		2345907A2A291CE600F0A7D7 /* ProductSelectionVC.swift in Sources */ = {isa = PBXBuildFile; fileRef = 234590792A291CE500F0A7D7 /* ProductSelectionVC.swift */; };
		2345907B2A2BC6DD00F0A7D7 /* Assets.xcassets in Resources */ = {isa = PBXBuildFile; fileRef = 234590522A27C5D000F0A7D7 /* Assets.xcassets */; };
/* End PBXBuildFile section */

/* Begin PBXContainerItemProxy section */
		2345905D2A27C5D100F0A7D7 /* PBXContainerItemProxy */ = {
			isa = PBXContainerItemProxy;
			containerPortal = 2345903E2A27C5CD00F0A7D7 /* Project object */;
			proxyType = 1;
			remoteGlobalIDString = 234590452A27C5CE00F0A7D7;
			remoteInfo = SwiftDelegateProtocol;
		};
		234590672A27C5D100F0A7D7 /* PBXContainerItemProxy */ = {
			isa = PBXContainerItemProxy;
			containerPortal = 2345903E2A27C5CD00F0A7D7 /* Project object */;
			proxyType = 1;
			remoteGlobalIDString = 234590452A27C5CE00F0A7D7;
			remoteInfo = SwiftDelegateProtocol;
		};
/* End PBXContainerItemProxy section */

/* Begin PBXFileReference section */
		234590462A27C5CE00F0A7D7 /* SwiftDelegateProtocol.app */ = {isa = PBXFileReference; explicitFileType = wrapper.application; includeInIndex = 0; path = SwiftDelegateProtocol.app; sourceTree = BUILT_PRODUCTS_DIR; };
		234590492A27C5CE00F0A7D7 /* AppDelegate.swift */ = {isa = PBXFileReference; lastKnownFileType = sourcecode.swift; path = AppDelegate.swift; sourceTree = "<group>"; };
		2345904B2A27C5CE00F0A7D7 /* SceneDelegate.swift */ = {isa = PBXFileReference; lastKnownFileType = sourcecode.swift; path = SceneDelegate.swift; sourceTree = "<group>"; };
		2345904D2A27C5CE00F0A7D7 /* ViewController.swift */ = {isa = PBXFileReference; lastKnownFileType = sourcecode.swift; path = ViewController.swift; sourceTree = "<group>"; };
		234590502A27C5CE00F0A7D7 /* Base */ = {isa = PBXFileReference; lastKnownFileType = file.storyboard; name = Base; path = Base.lproj/Main.storyboard; sourceTree = "<group>"; };
		234590522A27C5D000F0A7D7 /* Assets.xcassets */ = {isa = PBXFileReference; lastKnownFileType = folder.assetcatalog; path = Assets.xcassets; sourceTree = "<group>"; };
		234590552A27C5D000F0A7D7 /* Base */ = {isa = PBXFileReference; lastKnownFileType = file.storyboard; name = Base; path = Base.lproj/LaunchScreen.storyboard; sourceTree = "<group>"; };
		234590572A27C5D000F0A7D7 /* Info.plist */ = {isa = PBXFileReference; lastKnownFileType = text.plist.xml; path = Info.plist; sourceTree = "<group>"; };
		2345905C2A27C5D100F0A7D7 /* SwiftDelegateProtocolTests.xctest */ = {isa = PBXFileReference; explicitFileType = wrapper.cfbundle; includeInIndex = 0; path = SwiftDelegateProtocolTests.xctest; sourceTree = BUILT_PRODUCTS_DIR; };
		234590602A27C5D100F0A7D7 /* SwiftDelegateProtocolTests.swift */ = {isa = PBXFileReference; lastKnownFileType = sourcecode.swift; path = SwiftDelegateProtocolTests.swift; sourceTree = "<group>"; };
		234590662A27C5D100F0A7D7 /* SwiftDelegateProtocolUITests.xctest */ = {isa = PBXFileReference; explicitFileType = wrapper.cfbundle; includeInIndex = 0; path = SwiftDelegateProtocolUITests.xctest; sourceTree = BUILT_PRODUCTS_DIR; };
		2345906A2A27C5D100F0A7D7 /* SwiftDelegateProtocolUITests.swift */ = {isa = PBXFileReference; lastKnownFileType = sourcecode.swift; path = SwiftDelegateProtocolUITests.swift; sourceTree = "<group>"; };
		2345906C2A27C5D100F0A7D7 /* SwiftDelegateProtocolUITestsLaunchTests.swift */ = {isa = PBXFileReference; lastKnownFileType = sourcecode.swift; path = SwiftDelegateProtocolUITestsLaunchTests.swift; sourceTree = "<group>"; };
		234590792A291CE500F0A7D7 /* ProductSelectionVC.swift */ = {isa = PBXFileReference; lastKnownFileType = sourcecode.swift; path = ProductSelectionVC.swift; sourceTree = "<group>"; };
/* End PBXFileReference section */

/* Begin PBXFrameworksBuildPhase section */
		234590432A27C5CE00F0A7D7 /* Frameworks */ = {
			isa = PBXFrameworksBuildPhase;
			buildActionMask = 2147483647;
			files = (
			);
			runOnlyForDeploymentPostprocessing = 0;
		};
		234590592A27C5D100F0A7D7 /* Frameworks */ = {
			isa = PBXFrameworksBuildPhase;
			buildActionMask = 2147483647;
			files = (
			);
			runOnlyForDeploymentPostprocessing = 0;
		};
		234590632A27C5D100F0A7D7 /* Frameworks */ = {
			isa = PBXFrameworksBuildPhase;
			buildActionMask = 2147483647;
			files = (
			);
			runOnlyForDeploymentPostprocessing = 0;
		};
/* End PBXFrameworksBuildPhase section */

/* Begin PBXGroup section */
		2345903D2A27C5CD00F0A7D7 = {
			isa = PBXGroup;
			children = (
				234590482A27C5CE00F0A7D7 /* SwiftDelegateProtocol */,
				2345905F2A27C5D100F0A7D7 /* SwiftDelegateProtocolTests */,
				234590692A27C5D100F0A7D7 /* SwiftDelegateProtocolUITests */,
				234590472A27C5CE00F0A7D7 /* Products */,
			);
			sourceTree = "<group>";
		};
		234590472A27C5CE00F0A7D7 /* Products */ = {
			isa = PBXGroup;
			children = (
				234590462A27C5CE00F0A7D7 /* SwiftDelegateProtocol.app */,
				2345905C2A27C5D100F0A7D7 /* SwiftDelegateProtocolTests.xctest */,
				234590662A27C5D100F0A7D7 /* SwiftDelegateProtocolUITests.xctest */,
			);
			name = Products;
			sourceTree = "<group>";
		};
		234590482A27C5CE00F0A7D7 /* SwiftDelegateProtocol */ = {
			isa = PBXGroup;
			children = (
				234590492A27C5CE00F0A7D7 /* AppDelegate.swift */,
				2345904B2A27C5CE00F0A7D7 /* SceneDelegate.swift */,
				2345904D2A27C5CE00F0A7D7 /* ViewController.swift */,
				234590792A291CE500F0A7D7 /* ProductSelectionVC.swift */,
				2345904F2A27C5CE00F0A7D7 /* Main.storyboard */,
				234590522A27C5D000F0A7D7 /* Assets.xcassets */,
				234590542A27C5D000F0A7D7 /* LaunchScreen.storyboard */,
				234590572A27C5D000F0A7D7 /* Info.plist */,
			);
			path = SwiftDelegateProtocol;
			sourceTree = "<group>";
		};
		2345905F2A27C5D100F0A7D7 /* SwiftDelegateProtocolTests */ = {
			isa = PBXGroup;
			children = (
				234590602A27C5D100F0A7D7 /* SwiftDelegateProtocolTests.swift */,
			);
			path = SwiftDelegateProtocolTests;
			sourceTree = "<group>";
		};
		234590692A27C5D100F0A7D7 /* SwiftDelegateProtocolUITests */ = {
			isa = PBXGroup;
			children = (
				2345906A2A27C5D100F0A7D7 /* SwiftDelegateProtocolUITests.swift */,
				2345906C2A27C5D100F0A7D7 /* SwiftDelegateProtocolUITestsLaunchTests.swift */,
			);
			path = SwiftDelegateProtocolUITests;
			sourceTree = "<group>";
		};
/* End PBXGroup section */

/* Begin PBXNativeTarget section */
		234590452A27C5CE00F0A7D7 /* SwiftDelegateProtocol */ = {
			isa = PBXNativeTarget;
			buildConfigurationList = 234590702A27C5D100F0A7D7 /* Build configuration list for PBXNativeTarget "SwiftDelegateProtocol" */;
			buildPhases = (
				234590422A27C5CE00F0A7D7 /* Sources */,
				234590432A27C5CE00F0A7D7 /* Frameworks */,
				234590442A27C5CE00F0A7D7 /* Resources */,
			);
			buildRules = (
			);
			dependencies = (
			);
			name = SwiftDelegateProtocol;
			productName = SwiftDelegateProtocol;
			productReference = 234590462A27C5CE00F0A7D7 /* SwiftDelegateProtocol.app */;
			productType = "com.apple.product-type.application";
		};
		2345905B2A27C5D100F0A7D7 /* SwiftDelegateProtocolTests */ = {
			isa = PBXNativeTarget;
			buildConfigurationList = 234590732A27C5D100F0A7D7 /* Build configuration list for PBXNativeTarget "SwiftDelegateProtocolTests" */;
			buildPhases = (
				234590582A27C5D100F0A7D7 /* Sources */,
				234590592A27C5D100F0A7D7 /* Frameworks */,
				2345905A2A27C5D100F0A7D7 /* Resources */,
			);
			buildRules = (
			);
			dependencies = (
				2345905E2A27C5D100F0A7D7 /* PBXTargetDependency */,
			);
			name = SwiftDelegateProtocolTests;
			productName = SwiftDelegateProtocolTests;
			productReference = 2345905C2A27C5D100F0A7D7 /* SwiftDelegateProtocolTests.xctest */;
			productType = "com.apple.product-type.bundle.unit-test";
		};
		234590652A27C5D100F0A7D7 /* SwiftDelegateProtocolUITests */ = {
			isa = PBXNativeTarget;
			buildConfigurationList = 234590762A27C5D100F0A7D7 /* Build configuration list for PBXNativeTarget "SwiftDelegateProtocolUITests" */;
			buildPhases = (
				234590622A27C5D100F0A7D7 /* Sources */,
				234590632A27C5D100F0A7D7 /* Frameworks */,
				234590642A27C5D100F0A7D7 /* Resources */,
			);
			buildRules = (
			);
			dependencies = (
				234590682A27C5D100F0A7D7 /* PBXTargetDependency */,
			);
			name = SwiftDelegateProtocolUITests;
			productName = SwiftDelegateProtocolUITests;
			productReference = 234590662A27C5D100F0A7D7 /* SwiftDelegateProtocolUITests.xctest */;
			productType = "com.apple.product-type.bundle.ui-testing";
		};
/* End PBXNativeTarget section */

/* Begin PBXProject section */
		2345903E2A27C5CD00F0A7D7 /* Project object */ = {
			isa = PBXProject;
			attributes = {
				BuildIndependentTargetsInParallel = 1;
				LastSwiftUpdateCheck = 1420;
				LastUpgradeCheck = 1420;
				TargetAttributes = {
					234590452A27C5CE00F0A7D7 = {
						CreatedOnToolsVersion = 14.2;
					};
					2345905B2A27C5D100F0A7D7 = {
						CreatedOnToolsVersion = 14.2;
						TestTargetID = 234590452A27C5CE00F0A7D7;
					};
					234590652A27C5D100F0A7D7 = {
						CreatedOnToolsVersion = 14.2;
						TestTargetID = 234590452A27C5CE00F0A7D7;
					};
				};
			};
			buildConfigurationList = 234590412A27C5CD00F0A7D7 /* Build configuration list for PBXProject "SwiftDelegateProtocol" */;
			compatibilityVersion = "Xcode 14.0";
			developmentRegion = en;
			hasScannedForEncodings = 0;
			knownRegions = (
				en,
				Base,
			);
			mainGroup = 2345903D2A27C5CD00F0A7D7;
			productRefGroup = 234590472A27C5CE00F0A7D7 /* Products */;
			projectDirPath = "";
			projectRoot = "";
			targets = (
				234590452A27C5CE00F0A7D7 /* SwiftDelegateProtocol */,
				2345905B2A27C5D100F0A7D7 /* SwiftDelegateProtocolTests */,
				234590652A27C5D100F0A7D7 /* SwiftDelegateProtocolUITests */,
			);
		};
/* End PBXProject section */

/* Begin PBXResourcesBuildPhase section */
		234590442A27C5CE00F0A7D7 /* Resources */ = {
			isa = PBXResourcesBuildPhase;
			buildActionMask = 2147483647;
			files = (
				234590562A27C5D000F0A7D7 /* LaunchScreen.storyboard in Resources */,
				2345907B2A2BC6DD00F0A7D7 /* Assets.xcassets in Resources */,
				234590512A27C5CE00F0A7D7 /* Main.storyboard in Resources */,
			);
			runOnlyForDeploymentPostprocessing = 0;
		};
		2345905A2A27C5D100F0A7D7 /* Resources */ = {
			isa = PBXResourcesBuildPhase;
			buildActionMask = 2147483647;
			files = (
			);
			runOnlyForDeploymentPostprocessing = 0;
		};
		234590642A27C5D100F0A7D7 /* Resources */ = {
			isa = PBXResourcesBuildPhase;
			buildActionMask = 2147483647;
			files = (
			);
			runOnlyForDeploymentPostprocessing = 0;
		};
/* End PBXResourcesBuildPhase section */

/* Begin PBXSourcesBuildPhase section */
		234590422A27C5CE00F0A7D7 /* Sources */ = {
			isa = PBXSourcesBuildPhase;
			buildActionMask = 2147483647;
			files = (
				2345904E2A27C5CE00F0A7D7 /* ViewController.swift in Sources */,
				2345904A2A27C5CE00F0A7D7 /* AppDelegate.swift in Sources */,
				2345904C2A27C5CE00F0A7D7 /* SceneDelegate.swift in Sources */,
				2345907A2A291CE600F0A7D7 /* ProductSelectionVC.swift in Sources */,
			);
			runOnlyForDeploymentPostprocessing = 0;
		};
		234590582A27C5D100F0A7D7 /* Sources */ = {
			isa = PBXSourcesBuildPhase;
			buildActionMask = 2147483647;
			files = (
				234590612A27C5D100F0A7D7 /* SwiftDelegateProtocolTests.swift in Sources */,
			);
			runOnlyForDeploymentPostprocessing = 0;
		};
		234590622A27C5D100F0A7D7 /* Sources */ = {
			isa = PBXSourcesBuildPhase;
			buildActionMask = 2147483647;
			files = (
				2345906B2A27C5D100F0A7D7 /* SwiftDelegateProtocolUITests.swift in Sources */,
				2345906D2A27C5D100F0A7D7 /* SwiftDelegateProtocolUITestsLaunchTests.swift in Sources */,
			);
			runOnlyForDeploymentPostprocessing = 0;
		};
/* End PBXSourcesBuildPhase section */

/* Begin PBXTargetDependency section */
		2345905E2A27C5D100F0A7D7 /* PBXTargetDependency */ = {
			isa = PBXTargetDependency;
			target = 234590452A27C5CE00F0A7D7 /* SwiftDelegateProtocol */;
			targetProxy = 2345905D2A27C5D100F0A7D7 /* PBXContainerItemProxy */;
		};
		234590682A27C5D100F0A7D7 /* PBXTargetDependency */ = {
			isa = PBXTargetDependency;
			target = 234590452A27C5CE00F0A7D7 /* SwiftDelegateProtocol */;
			targetProxy = 234590672A27C5D100F0A7D7 /* PBXContainerItemProxy */;
		};
/* End PBXTargetDependency section */

/* Begin PBXVariantGroup section */
		2345904F2A27C5CE00F0A7D7 /* Main.storyboard */ = {
			isa = PBXVariantGroup;
			children = (
				234590502A27C5CE00F0A7D7 /* Base */,
			);
			name = Main.storyboard;
			sourceTree = "<group>";
		};
		234590542A27C5D000F0A7D7 /* LaunchScreen.storyboard */ = {
			isa = PBXVariantGroup;
			children = (
				234590552A27C5D000F0A7D7 /* Base */,
			);
			name = LaunchScreen.storyboard;
			sourceTree = "<group>";
		};
/* End PBXVariantGroup section */

/* Begin XCBuildConfiguration section */
		2345906E2A27C5D100F0A7D7 /* Debug */ = {
			isa = XCBuildConfiguration;
			buildSettings = {
				ALWAYS_SEARCH_USER_PATHS = NO;
				CLANG_ANALYZER_NONNULL = YES;
				CLANG_ANALYZER_NUMBER_OBJECT_CONVERSION = YES_AGGRESSIVE;
				CLANG_CXX_LANGUAGE_STANDARD = "gnu++20";
				CLANG_ENABLE_MODULES = YES;
				CLANG_ENABLE_OBJC_ARC = YES;
				CLANG_ENABLE_OBJC_WEAK = YES;
				CLANG_WARN_BLOCK_CAPTURE_AUTORELEASING = YES;
				CLANG_WARN_BOOL_CONVERSION = YES;
				CLANG_WARN_COMMA = YES;
				CLANG_WARN_CONSTANT_CONVERSION = YES;
				CLANG_WARN_DEPRECATED_OBJC_IMPLEMENTATIONS = YES;
				CLANG_WARN_DIRECT_OBJC_ISA_USAGE = YES_ERROR;
				CLANG_WARN_DOCUMENTATION_COMMENTS = YES;
				CLANG_WARN_EMPTY_BODY = YES;
				CLANG_WARN_ENUM_CONVERSION = YES;
				CLANG_WARN_INFINITE_RECURSION = YES;
				CLANG_WARN_INT_CONVERSION = YES;
				CLANG_WARN_NON_LITERAL_NULL_CONVERSION = YES;
				CLANG_WARN_OBJC_IMPLICIT_RETAIN_SELF = YES;
				CLANG_WARN_OBJC_LITERAL_CONVERSION = YES;
				CLANG_WARN_OBJC_ROOT_CLASS = YES_ERROR;
				CLANG_WARN_QUOTED_INCLUDE_IN_FRAMEWORK_HEADER = YES;
				CLANG_WARN_RANGE_LOOP_ANALYSIS = YES;
				CLANG_WARN_STRICT_PROTOTYPES = YES;
				CLANG_WARN_SUSPICIOUS_MOVE = YES;
				CLANG_WARN_UNGUARDED_AVAILABILITY = YES_AGGRESSIVE;
				CLANG_WARN_UNREACHABLE_CODE = YES;
				CLANG_WARN__DUPLICATE_METHOD_MATCH = YES;
				COPY_PHASE_STRIP = NO;
				DEBUG_INFORMATION_FORMAT = dwarf;
				ENABLE_STRICT_OBJC_MSGSEND = YES;
				ENABLE_TESTABILITY = YES;
				GCC_C_LANGUAGE_STANDARD = gnu11;
				GCC_DYNAMIC_NO_PIC = NO;
				GCC_NO_COMMON_BLOCKS = YES;
				GCC_OPTIMIZATION_LEVEL = 0;
				GCC_PREPROCESSOR_DEFINITIONS = (
					"DEBUG=1",
					"$(inherited)",
				);
				GCC_WARN_64_TO_32_BIT_CONVERSION = YES;
				GCC_WARN_ABOUT_RETURN_TYPE = YES_ERROR;
				GCC_WARN_UNDECLARED_SELECTOR = YES;
				GCC_WARN_UNINITIALIZED_AUTOS = YES_AGGRESSIVE;
				GCC_WARN_UNUSED_FUNCTION = YES;
				GCC_WARN_UNUSED_VARIABLE = YES;
				IPHONEOS_DEPLOYMENT_TARGET = 16.2;
				MTL_ENABLE_DEBUG_INFO = INCLUDE_SOURCE;
				MTL_FAST_MATH = YES;
				ONLY_ACTIVE_ARCH = YES;
				SDKROOT = iphoneos;
				SWIFT_ACTIVE_COMPILATION_CONDITIONS = DEBUG;
				SWIFT_OPTIMIZATION_LEVEL = "-Onone";
			};
			name = Debug;
		};
		2345906F2A27C5D100F0A7D7 /* Release */ = {
			isa = XCBuildConfiguration;
			buildSettings = {
				ALWAYS_SEARCH_USER_PATHS = NO;
				CLANG_ANALYZER_NONNULL = YES;
				CLANG_ANALYZER_NUMBER_OBJECT_CONVERSION = YES_AGGRESSIVE;
				CLANG_CXX_LANGUAGE_STANDARD = "gnu++20";
				CLANG_ENABLE_MODULES = YES;
				CLANG_ENABLE_OBJC_ARC = YES;
				CLANG_ENABLE_OBJC_WEAK = YES;
				CLANG_WARN_BLOCK_CAPTURE_AUTORELEASING = YES;
				CLANG_WARN_BOOL_CONVERSION = YES;
				CLANG_WARN_COMMA = YES;
				CLANG_WARN_CONSTANT_CONVERSION = YES;
				CLANG_WARN_DEPRECATED_OBJC_IMPLEMENTATIONS = YES;
				CLANG_WARN_DIRECT_OBJC_ISA_USAGE = YES_ERROR;
				CLANG_WARN_DOCUMENTATION_COMMENTS = YES;
				CLANG_WARN_EMPTY_BODY = YES;
				CLANG_WARN_ENUM_CONVERSION = YES;
				CLANG_WARN_INFINITE_RECURSION = YES;
				CLANG_WARN_INT_CONVERSION = YES;
				CLANG_WARN_NON_LITERAL_NULL_CONVERSION = YES;
				CLANG_WARN_OBJC_IMPLICIT_RETAIN_SELF = YES;
				CLANG_WARN_OBJC_LITERAL_CONVERSION = YES;
				CLANG_WARN_OBJC_ROOT_CLASS = YES_ERROR;
				CLANG_WARN_QUOTED_INCLUDE_IN_FRAMEWORK_HEADER = YES;
				CLANG_WARN_RANGE_LOOP_ANALYSIS = YES;
				CLANG_WARN_STRICT_PROTOTYPES = YES;
				CLANG_WARN_SUSPICIOUS_MOVE = YES;
				CLANG_WARN_UNGUARDED_AVAILABILITY = YES_AGGRESSIVE;
				CLANG_WARN_UNREACHABLE_CODE = YES;
				CLANG_WARN__DUPLICATE_METHOD_MATCH = YES;
				COPY_PHASE_STRIP = NO;
				DEBUG_INFORMATION_FORMAT = "dwarf-with-dsym";
				ENABLE_NS_ASSERTIONS = NO;
				ENABLE_STRICT_OBJC_MSGSEND = YES;
				GCC_C_LANGUAGE_STANDARD = gnu11;
				GCC_NO_COMMON_BLOCKS = YES;
				GCC_WARN_64_TO_32_BIT_CONVERSION = YES;
				GCC_WARN_ABOUT_RETURN_TYPE = YES_ERROR;
				GCC_WARN_UNDECLARED_SELECTOR = YES;
				GCC_WARN_UNINITIALIZED_AUTOS = YES_AGGRESSIVE;
				GCC_WARN_UNUSED_FUNCTION = YES;
				GCC_WARN_UNUSED_VARIABLE = YES;
				IPHONEOS_DEPLOYMENT_TARGET = 16.2;
				MTL_ENABLE_DEBUG_INFO = NO;
				MTL_FAST_MATH = YES;
				SDKROOT = iphoneos;
				SWIFT_COMPILATION_MODE = wholemodule;
				SWIFT_OPTIMIZATION_LEVEL = "-O";
				VALIDATE_PRODUCT = YES;
			};
			name = Release;
		};
		234590712A27C5D100F0A7D7 /* Debug */ = {
			isa = XCBuildConfiguration;
			buildSettings = {
				ASSETCATALOG_COMPILER_APPICON_NAME = AppIcon;
				ASSETCATALOG_COMPILER_GLOBAL_ACCENT_COLOR_NAME = AccentColor;
				CODE_SIGN_STYLE = Automatic;
				CURRENT_PROJECT_VERSION = 1;
				DEVELOPMENT_TEAM = SZ8YNX7YR4;
				GENERATE_INFOPLIST_FILE = YES;
				INFOPLIST_FILE = SwiftDelegateProtocol/Info.plist;
				INFOPLIST_KEY_UIApplicationSupportsIndirectInputEvents = YES;
				INFOPLIST_KEY_UILaunchStoryboardName = LaunchScreen;
				INFOPLIST_KEY_UIMainStoryboardFile = Main;
				INFOPLIST_KEY_UISupportedInterfaceOrientations_iPad = "UIInterfaceOrientationPortrait UIInterfaceOrientationPortraitUpsideDown UIInterfaceOrientationLandscapeLeft UIInterfaceOrientationLandscapeRight";
				INFOPLIST_KEY_UISupportedInterfaceOrientations_iPhone = "UIInterfaceOrientationPortrait UIInterfaceOrientationLandscapeLeft UIInterfaceOrientationLandscapeRight";
				LD_RUNPATH_SEARCH_PATHS = (
					"$(inherited)",
					"@executable_path/Frameworks",
				);
				MARKETING_VERSION = 1.0;
				PRODUCT_BUNDLE_IDENTIFIER = raquel.SwiftDelegateProtocol;
				PRODUCT_NAME = "$(TARGET_NAME)";
				SWIFT_EMIT_LOC_STRINGS = YES;
				SWIFT_VERSION = 5.0;
				TARGETED_DEVICE_FAMILY = "1,2";
			};
			name = Debug;
		};
		234590722A27C5D100F0A7D7 /* Release */ = {
			isa = XCBuildConfiguration;
			buildSettings = {
				ASSETCATALOG_COMPILER_APPICON_NAME = AppIcon;
				ASSETCATALOG_COMPILER_GLOBAL_ACCENT_COLOR_NAME = AccentColor;
				CODE_SIGN_STYLE = Automatic;
				CURRENT_PROJECT_VERSION = 1;
				DEVELOPMENT_TEAM = SZ8YNX7YR4;
				GENERATE_INFOPLIST_FILE = YES;
				INFOPLIST_FILE = SwiftDelegateProtocol/Info.plist;
				INFOPLIST_KEY_UIApplicationSupportsIndirectInputEvents = YES;
				INFOPLIST_KEY_UILaunchStoryboardName = LaunchScreen;
				INFOPLIST_KEY_UIMainStoryboardFile = Main;
				INFOPLIST_KEY_UISupportedInterfaceOrientations_iPad = "UIInterfaceOrientationPortrait UIInterfaceOrientationPortraitUpsideDown UIInterfaceOrientationLandscapeLeft UIInterfaceOrientationLandscapeRight";
				INFOPLIST_KEY_UISupportedInterfaceOrientations_iPhone = "UIInterfaceOrientationPortrait UIInterfaceOrientationLandscapeLeft UIInterfaceOrientationLandscapeRight";
				LD_RUNPATH_SEARCH_PATHS = (
					"$(inherited)",
					"@executable_path/Frameworks",
				);
				MARKETING_VERSION = 1.0;
				PRODUCT_BUNDLE_IDENTIFIER = raquel.SwiftDelegateProtocol;
				PRODUCT_NAME = "$(TARGET_NAME)";
				SWIFT_EMIT_LOC_STRINGS = YES;
				SWIFT_VERSION = 5.0;
				TARGETED_DEVICE_FAMILY = "1,2";
			};
			name = Release;
		};
		234590742A27C5D100F0A7D7 /* Debug */ = {
			isa = XCBuildConfiguration;
			buildSettings = {
				ALWAYS_EMBED_SWIFT_STANDARD_LIBRARIES = YES;
				BUNDLE_LOADER = "$(TEST_HOST)";
				CODE_SIGN_STYLE = Automatic;
				CURRENT_PROJECT_VERSION = 1;
				DEVELOPMENT_TEAM = SZ8YNX7YR4;
				GENERATE_INFOPLIST_FILE = YES;
				IPHONEOS_DEPLOYMENT_TARGET = 16.2;
				MARKETING_VERSION = 1.0;
				PRODUCT_BUNDLE_IDENTIFIER = raquel.SwiftDelegateProtocolTests;
				PRODUCT_NAME = "$(TARGET_NAME)";
				SWIFT_EMIT_LOC_STRINGS = NO;
				SWIFT_VERSION = 5.0;
				TARGETED_DEVICE_FAMILY = "1,2";
				TEST_HOST = "$(BUILT_PRODUCTS_DIR)/SwiftDelegateProtocol.app/$(BUNDLE_EXECUTABLE_FOLDER_PATH)/SwiftDelegateProtocol";
			};
			name = Debug;
		};
		234590752A27C5D100F0A7D7 /* Release */ = {
			isa = XCBuildConfiguration;
			buildSettings = {
				ALWAYS_EMBED_SWIFT_STANDARD_LIBRARIES = YES;
				BUNDLE_LOADER = "$(TEST_HOST)";
				CODE_SIGN_STYLE = Automatic;
				CURRENT_PROJECT_VERSION = 1;
				DEVELOPMENT_TEAM = SZ8YNX7YR4;
				GENERATE_INFOPLIST_FILE = YES;
				IPHONEOS_DEPLOYMENT_TARGET = 16.2;
				MARKETING_VERSION = 1.0;
				PRODUCT_BUNDLE_IDENTIFIER = raquel.SwiftDelegateProtocolTests;
				PRODUCT_NAME = "$(TARGET_NAME)";
				SWIFT_EMIT_LOC_STRINGS = NO;
				SWIFT_VERSION = 5.0;
				TARGETED_DEVICE_FAMILY = "1,2";
				TEST_HOST = "$(BUILT_PRODUCTS_DIR)/SwiftDelegateProtocol.app/$(BUNDLE_EXECUTABLE_FOLDER_PATH)/SwiftDelegateProtocol";
			};
			name = Release;
		};
		234590772A27C5D100F0A7D7 /* Debug */ = {
			isa = XCBuildConfiguration;
			buildSettings = {
				ALWAYS_EMBED_SWIFT_STANDARD_LIBRARIES = YES;
				CODE_SIGN_STYLE = Automatic;
				CURRENT_PROJECT_VERSION = 1;
				DEVELOPMENT_TEAM = SZ8YNX7YR4;
				GENERATE_INFOPLIST_FILE = YES;
				MARKETING_VERSION = 1.0;
				PRODUCT_BUNDLE_IDENTIFIER = raquel.SwiftDelegateProtocolUITests;
				PRODUCT_NAME = "$(TARGET_NAME)";
				SWIFT_EMIT_LOC_STRINGS = NO;
				SWIFT_VERSION = 5.0;
				TARGETED_DEVICE_FAMILY = "1,2";
				TEST_TARGET_NAME = SwiftDelegateProtocol;
			};
			name = Debug;
		};
		234590782A27C5D100F0A7D7 /* Release */ = {
			isa = XCBuildConfiguration;
			buildSettings = {
				ALWAYS_EMBED_SWIFT_STANDARD_LIBRARIES = YES;
				CODE_SIGN_STYLE = Automatic;
				CURRENT_PROJECT_VERSION = 1;
				DEVELOPMENT_TEAM = SZ8YNX7YR4;
				GENERATE_INFOPLIST_FILE = YES;
				MARKETING_VERSION = 1.0;
				PRODUCT_BUNDLE_IDENTIFIER = raquel.SwiftDelegateProtocolUITests;
				PRODUCT_NAME = "$(TARGET_NAME)";
				SWIFT_EMIT_LOC_STRINGS = NO;
				SWIFT_VERSION = 5.0;
				TARGETED_DEVICE_FAMILY = "1,2";
				TEST_TARGET_NAME = SwiftDelegateProtocol;
			};
			name = Release;
		};
/* End XCBuildConfiguration section */

/* Begin XCConfigurationList section */
		234590412A27C5CD00F0A7D7 /* Build configuration list for PBXProject "SwiftDelegateProtocol" */ = {
			isa = XCConfigurationList;
			buildConfigurations = (
				2345906E2A27C5D100F0A7D7 /* Debug */,
				2345906F2A27C5D100F0A7D7 /* Release */,
			);
			defaultConfigurationIsVisible = 0;
			defaultConfigurationName = Release;
		};
		234590702A27C5D100F0A7D7 /* Build configuration list for PBXNativeTarget "SwiftDelegateProtocol" */ = {
			isa = XCConfigurationList;
			buildConfigurations = (
				234590712A27C5D100F0A7D7 /* Debug */,
				234590722A27C5D100F0A7D7 /* Release */,
			);
			defaultConfigurationIsVisible = 0;
			defaultConfigurationName = Release;
		};
		234590732A27C5D100F0A7D7 /* Build configuration list for PBXNativeTarget "SwiftDelegateProtocolTests" */ = {
			isa = XCConfigurationList;
			buildConfigurations = (
				234590742A27C5D100F0A7D7 /* Debug */,
				234590752A27C5D100F0A7D7 /* Release */,
			);
			defaultConfigurationIsVisible = 0;
			defaultConfigurationName = Release;
		};
		234590762A27C5D100F0A7D7 /* Build configuration list for PBXNativeTarget "SwiftDelegateProtocolUITests" */ = {
			isa = XCConfigurationList;
			buildConfigurations = (
				234590772A27C5D100F0A7D7 /* Debug */,
				234590782A27C5D100F0A7D7 /* Release */,
			);
			defaultConfigurationIsVisible = 0;
			defaultConfigurationName = Release;
		};
/* End XCConfigurationList section */
	};
	rootObject = 2345903E2A27C5CD00F0A7D7 /* Project object */;
}
